
Microsoft Visual Studio Solution File, Format Version 12.00
# Visual Studio 14
VisualStudioVersion = 14.0.25123.0
MinimumVisualStudioVersion = 10.0.40219.1
Project("{2150E333-8FDC-42A3-9474-1A3956D46DE8}") = "Applications", "Applications", "{DDE3D519-2967-4E09-8652-500EDBD06AE6}"
EndProject
Project("{FAE04EC0-301F-11D3-BF4B-00C04F79EFBC}") = "PQDIFExplorer", "Applications\PQDIFExplorer\PQDIFExplorer.csproj", "{C8C6EAA6-D1F0-4F8D-A1CB-1B545355797D}"
EndProject
Project("{930C7802-8A8C-48F9-8165-68863BCCD9DD}") = "PQDIFExplorerSetup", "Applications\PQDIFExplorerSetup\PQDIFExplorerSetup.wixproj", "{1E8F472C-8CF9-4838-BD43-4454E35A4A8F}"
EndProject
Global
	GlobalSection(SolutionConfigurationPlatforms) = preSolution
		Debug|Any CPU = Debug|Any CPU
		Debug|x86 = Debug|x86
		Release|Any CPU = Release|Any CPU
		Release|x86 = Release|x86
	EndGlobalSection
	GlobalSection(ProjectConfigurationPlatforms) = postSolution
		{C8C6EAA6-D1F0-4F8D-A1CB-1B545355797D}.Debug|Any CPU.ActiveCfg = Debug|Any CPU
		{C8C6EAA6-D1F0-4F8D-A1CB-1B545355797D}.Debug|Any CPU.Build.0 = Debug|Any CPU
		{C8C6EAA6-D1F0-4F8D-A1CB-1B545355797D}.Debug|x86.ActiveCfg = Debug|x86
		{C8C6EAA6-D1F0-4F8D-A1CB-1B545355797D}.Debug|x86.Build.0 = Debug|x86
		{C8C6EAA6-D1F0-4F8D-A1CB-1B545355797D}.Release|Any CPU.ActiveCfg = Release|Any CPU
		{C8C6EAA6-D1F0-4F8D-A1CB-1B545355797D}.Release|Any CPU.Build.0 = Release|Any CPU
		{C8C6EAA6-D1F0-4F8D-A1CB-1B545355797D}.Release|x86.ActiveCfg = Release|x86
		{C8C6EAA6-D1F0-4F8D-A1CB-1B545355797D}.Release|x86.Build.0 = Release|x86
		{1E8F472C-8CF9-4838-BD43-4454E35A4A8F}.Debug|Any CPU.ActiveCfg = Debug|x64
		{1E8F472C-8CF9-4838-BD43-4454E35A4A8F}.Debug|x86.ActiveCfg = Debug|x86
		{1E8F472C-8CF9-4838-BD43-4454E35A4A8F}.Release|Any CPU.ActiveCfg = Release|x64
		{1E8F472C-8CF9-4838-BD43-4454E35A4A8F}.Release|Any CPU.Build.0 = Release|x64
		{1E8F472C-8CF9-4838-BD43-4454E35A4A8F}.Release|x86.ActiveCfg = Release|x86
		{1E8F472C-8CF9-4838-BD43-4454E35A4A8F}.Release|x86.Build.0 = Release|x86
	EndGlobalSection
	GlobalSection(SolutionProperties) = preSolution
		HideSolutionNode = FALSE
	EndGlobalSection
	GlobalSection(NestedProjects) = preSolution
		{C8C6EAA6-D1F0-4F8D-A1CB-1B545355797D} = {DDE3D519-2967-4E09-8652-500EDBD06AE6}
		{1E8F472C-8CF9-4838-BD43-4454E35A4A8F} = {DDE3D519-2967-4E09-8652-500EDBD06AE6}
	EndGlobalSection
EndGlobal
